
Microsoft Visual Studio Solution File, Format Version 12.00
# Visual Studio 15
VisualStudioVersion = 15.0.27428.2043
MinimumVisualStudioVersion = 10.0.40219.1
Project("{FAE04EC0-301F-11D3-BF4B-00C04F79EFBC}") = "App1_ConsultaeCEP.Android", "App1_ConsultaeCEP\App1_ConsultaeCEP.Android\App1_ConsultaeCEP.Android.csproj", "{DA5642DC-3E0C-41E0-A369-D0E21933DBE2}"
EndProject
Project("{FAE04EC0-301F-11D3-BF4B-00C04F79EFBC}") = "App1_ConsultaeCEP.iOS", "App1_ConsultaeCEP\App1_ConsultaeCEP.iOS\App1_ConsultaeCEP.iOS.csproj", "{ED47A247-E392-4F60-976D-0E60CFF63BF5}"
EndProject
Project("{FAE04EC0-301F-11D3-BF4B-00C04F79EFBC}") = "App1_ConsultaeCEP.UWP", "App1_ConsultaeCEP\App1_ConsultaeCEP.UWP\App1_ConsultaeCEP.UWP.csproj", "{0DE317E0-6B0F-4291-ABCF-ECBB116C808B}"
EndProject
Project("{FAE04EC0-301F-11D3-BF4B-00C04F79EFBC}") = "App1_ConsultaeCEP", "App1_ConsultaeCEP\App1_ConsultaeCEP\App1_ConsultaeCEP.csproj", "{3EB23620-B2CE-404F-B2EF-55E5589392F7}"
EndProject
Global
	GlobalSection(SolutionConfigurationPlatforms) = preSolution
		Ad-Hoc|Any CPU = Ad-Hoc|Any CPU
		Ad-Hoc|ARM = Ad-Hoc|ARM
		Ad-Hoc|iPhone = Ad-Hoc|iPhone
		Ad-Hoc|iPhoneSimulator = Ad-Hoc|iPhoneSimulator
		Ad-Hoc|x64 = Ad-Hoc|x64
		Ad-Hoc|x86 = Ad-Hoc|x86
		AppStore|Any CPU = AppStore|Any CPU
		AppStore|ARM = AppStore|ARM
		AppStore|iPhone = AppStore|iPhone
		AppStore|iPhoneSimulator = AppStore|iPhoneSimulator
		AppStore|x64 = AppStore|x64
		AppStore|x86 = AppStore|x86
		Debug|Any CPU = Debug|Any CPU
		Debug|ARM = Debug|ARM
		Debug|iPhone = Debug|iPhone
		Debug|iPhoneSimulator = Debug|iPhoneSimulator
		Debug|x64 = Debug|x64
		Debug|x86 = Debug|x86
		Release|Any CPU = Release|Any CPU
		Release|ARM = Release|ARM
		Release|iPhone = Release|iPhone
		Release|iPhoneSimulator = Release|iPhoneSimulator
		Release|x64 = Release|x64
		Release|x86 = Release|x86
	EndGlobalSection
	GlobalSection(ProjectConfigurationPlatforms) = postSolution
		{DA5642DC-3E0C-41E0-A369-D0E21933DBE2}.Ad-Hoc|Any CPU.ActiveCfg = Release|Any CPU
		{DA5642DC-3E0C-41E0-A369-D0E21933DBE2}.Ad-Hoc|Any CPU.Build.0 = Release|Any CPU
		{DA5642DC-3E0C-41E0-A369-D0E21933DBE2}.Ad-Hoc|Any CPU.Deploy.0 = Release|Any CPU
		{DA5642DC-3E0C-41E0-A369-D0E21933DBE2}.Ad-Hoc|ARM.ActiveCfg = Release|Any CPU
		{DA5642DC-3E0C-41E0-A369-D0E21933DBE2}.Ad-Hoc|ARM.Build.0 = Release|Any CPU
		{DA5642DC-3E0C-41E0-A369-D0E21933DBE2}.Ad-Hoc|ARM.Deploy.0 = Release|Any CPU
		{DA5642DC-3E0C-41E0-A369-D0E21933DBE2}.Ad-Hoc|iPhone.ActiveCfg = Release|Any CPU
		{DA5642DC-3E0C-41E0-A369-D0E21933DBE2}.Ad-Hoc|iPhone.Build.0 = Release|Any CPU
		{DA5642DC-3E0C-41E0-A369-D0E21933DBE2}.Ad-Hoc|iPhone.Deploy.0 = Release|Any CPU
		{DA5642DC-3E0C-41E0-A369-D0E21933DBE2}.Ad-Hoc|iPhoneSimulator.ActiveCfg = Release|Any CPU
		{DA5642DC-3E0C-41E0-A369-D0E21933DBE2}.Ad-Hoc|iPhoneSimulator.Build.0 = Release|Any CPU
		{DA5642DC-3E0C-41E0-A369-D0E21933DBE2}.Ad-Hoc|iPhoneSimulator.Deploy.0 = Release|Any CPU
		{DA5642DC-3E0C-41E0-A369-D0E21933DBE2}.Ad-Hoc|x64.ActiveCfg = Release|Any CPU
		{DA5642DC-3E0C-41E0-A369-D0E21933DBE2}.Ad-Hoc|x64.Build.0 = Release|Any CPU
		{DA5642DC-3E0C-41E0-A369-D0E21933DBE2}.Ad-Hoc|x64.Deploy.0 = Release|Any CPU
		{DA5642DC-3E0C-41E0-A369-D0E21933DBE2}.Ad-Hoc|x86.ActiveCfg = Release|Any CPU
		{DA5642DC-3E0C-41E0-A369-D0E21933DBE2}.Ad-Hoc|x86.Build.0 = Release|Any CPU
		{DA5642DC-3E0C-41E0-A369-D0E21933DBE2}.Ad-Hoc|x86.Deploy.0 = Release|Any CPU
		{DA5642DC-3E0C-41E0-A369-D0E21933DBE2}.AppStore|Any CPU.ActiveCfg = Release|Any CPU
		{DA5642DC-3E0C-41E0-A369-D0E21933DBE2}.AppStore|Any CPU.Build.0 = Release|Any CPU
		{DA5642DC-3E0C-41E0-A369-D0E21933DBE2}.AppStore|Any CPU.Deploy.0 = Release|Any CPU
		{DA5642DC-3E0C-41E0-A369-D0E21933DBE2}.AppStore|ARM.ActiveCfg = Release|Any CPU
		{DA5642DC-3E0C-41E0-A369-D0E21933DBE2}.AppStore|ARM.Build.0 = Release|Any CPU
		{DA5642DC-3E0C-41E0-A369-D0E21933DBE2}.AppStore|ARM.Deploy.0 = Release|Any CPU
		{DA5642DC-3E0C-41E0-A369-D0E21933DBE2}.AppStore|iPhone.ActiveCfg = Release|Any CPU
		{DA5642DC-3E0C-41E0-A369-D0E21933DBE2}.AppStore|iPhone.Build.0 = Release|Any CPU
		{DA5642DC-3E0C-41E0-A369-D0E21933DBE2}.AppStore|iPhone.Deploy.0 = Release|Any CPU
		{DA5642DC-3E0C-41E0-A369-D0E21933DBE2}.AppStore|iPhoneSimulator.ActiveCfg = Release|Any CPU
		{DA5642DC-3E0C-41E0-A369-D0E21933DBE2}.AppStore|iPhoneSimulator.Build.0 = Release|Any CPU
		{DA5642DC-3E0C-41E0-A369-D0E21933DBE2}.AppStore|iPhoneSimulator.Deploy.0 = Release|Any CPU
		{DA5642DC-3E0C-41E0-A369-D0E21933DBE2}.AppStore|x64.ActiveCfg = Release|Any CPU
		{DA5642DC-3E0C-41E0-A369-D0E21933DBE2}.AppStore|x64.Build.0 = Release|Any CPU
		{DA5642DC-3E0C-41E0-A369-D0E21933DBE2}.AppStore|x64.Deploy.0 = Release|Any CPU
		{DA5642DC-3E0C-41E0-A369-D0E21933DBE2}.AppStore|x86.ActiveCfg = Release|Any CPU
		{DA5642DC-3E0C-41E0-A369-D0E21933DBE2}.AppStore|x86.Build.0 = Release|Any CPU
		{DA5642DC-3E0C-41E0-A369-D0E21933DBE2}.AppStore|x86.Deploy.0 = Release|Any CPU
		{DA5642DC-3E0C-41E0-A369-D0E21933DBE2}.Debug|Any CPU.ActiveCfg = Debug|Any CPU
		{DA5642DC-3E0C-41E0-A369-D0E21933DBE2}.Debug|Any CPU.Build.0 = Debug|Any CPU
		{DA5642DC-3E0C-41E0-A369-D0E21933DBE2}.Debug|Any CPU.Deploy.0 = Debug|Any CPU
		{DA5642DC-3E0C-41E0-A369-D0E21933DBE2}.Debug|ARM.ActiveCfg = Debug|Any CPU
		{DA5642DC-3E0C-41E0-A369-D0E21933DBE2}.Debug|ARM.Build.0 = Debug|Any CPU
		{DA5642DC-3E0C-41E0-A369-D0E21933DBE2}.Debug|ARM.Deploy.0 = Debug|Any CPU
		{DA5642DC-3E0C-41E0-A369-D0E21933DBE2}.Debug|iPhone.ActiveCfg = Debug|Any CPU
		{DA5642DC-3E0C-41E0-A369-D0E21933DBE2}.Debug|iPhone.Build.0 = Debug|Any CPU
		{DA5642DC-3E0C-41E0-A369-D0E21933DBE2}.Debug|iPhone.Deploy.0 = Debug|Any CPU
		{DA5642DC-3E0C-41E0-A369-D0E21933DBE2}.Debug|iPhoneSimulator.ActiveCfg = Debug|Any CPU
		{DA5642DC-3E0C-41E0-A369-D0E21933DBE2}.Debug|iPhoneSimulator.Build.0 = Debug|Any CPU
		{DA5642DC-3E0C-41E0-A369-D0E21933DBE2}.Debug|iPhoneSimulator.Deploy.0 = Debug|Any CPU
		{DA5642DC-3E0C-41E0-A369-D0E21933DBE2}.Debug|x64.ActiveCfg = Debug|Any CPU
		{DA5642DC-3E0C-41E0-A369-D0E21933DBE2}.Debug|x64.Build.0 = Debug|Any CPU
		{DA5642DC-3E0C-41E0-A369-D0E21933DBE2}.Debug|x64.Deploy.0 = Debug|Any CPU
		{DA5642DC-3E0C-41E0-A369-D0E21933DBE2}.Debug|x86.ActiveCfg = Debug|Any CPU
		{DA5642DC-3E0C-41E0-A369-D0E21933DBE2}.Debug|x86.Build.0 = Debug|Any CPU
		{DA5642DC-3E0C-41E0-A369-D0E21933DBE2}.Debug|x86.Deploy.0 = Debug|Any CPU
		{DA5642DC-3E0C-41E0-A369-D0E21933DBE2}.Release|Any CPU.ActiveCfg = Release|Any CPU
		{DA5642DC-3E0C-41E0-A369-D0E21933DBE2}.Release|Any CPU.Build.0 = Release|Any CPU
		{DA5642DC-3E0C-41E0-A369-D0E21933DBE2}.Release|Any CPU.Deploy.0 = Release|Any CPU
		{DA5642DC-3E0C-41E0-A369-D0E21933DBE2}.Release|ARM.ActiveCfg = Release|Any CPU
		{DA5642DC-3E0C-41E0-A369-D0E21933DBE2}.Release|ARM.Build.0 = Release|Any CPU
		{DA5642DC-3E0C-41E0-A369-D0E21933DBE2}.Release|ARM.Deploy.0 = Release|Any CPU
		{DA5642DC-3E0C-41E0-A369-D0E21933DBE2}.Release|iPhone.ActiveCfg = Release|Any CPU
		{DA5642DC-3E0C-41E0-A369-D0E21933DBE2}.Release|iPhone.Build.0 = Release|Any CPU
		{DA5642DC-3E0C-41E0-A369-D0E21933DBE2}.Release|iPhone.Deploy.0 = Release|Any CPU
		{DA5642DC-3E0C-41E0-A369-D0E21933DBE2}.Release|iPhoneSimulator.ActiveCfg = Release|Any CPU
		{DA5642DC-3E0C-41E0-A369-D0E21933DBE2}.Release|iPhoneSimulator.Build.0 = Release|Any CPU
		{DA5642DC-3E0C-41E0-A369-D0E21933DBE2}.Release|iPhoneSimulator.Deploy.0 = Release|Any CPU
		{DA5642DC-3E0C-41E0-A369-D0E21933DBE2}.Release|x64.ActiveCfg = Release|Any CPU
		{DA5642DC-3E0C-41E0-A369-D0E21933DBE2}.Release|x64.Build.0 = Release|Any CPU
		{DA5642DC-3E0C-41E0-A369-D0E21933DBE2}.Release|x64.Deploy.0 = Release|Any CPU
		{DA5642DC-3E0C-41E0-A369-D0E21933DBE2}.Release|x86.ActiveCfg = Release|Any CPU
		{DA5642DC-3E0C-41E0-A369-D0E21933DBE2}.Release|x86.Build.0 = Release|Any CPU
		{DA5642DC-3E0C-41E0-A369-D0E21933DBE2}.Release|x86.Deploy.0 = Release|Any CPU
		{ED47A247-E392-4F60-976D-0E60CFF63BF5}.Ad-Hoc|Any CPU.ActiveCfg = Ad-Hoc|iPhone
		{ED47A247-E392-4F60-976D-0E60CFF63BF5}.Ad-Hoc|ARM.ActiveCfg = Ad-Hoc|iPhone
		{ED47A247-E392-4F60-976D-0E60CFF63BF5}.Ad-Hoc|iPhone.ActiveCfg = Ad-Hoc|iPhone
		{ED47A247-E392-4F60-976D-0E60CFF63BF5}.Ad-Hoc|iPhone.Build.0 = Ad-Hoc|iPhone
		{ED47A247-E392-4F60-976D-0E60CFF63BF5}.Ad-Hoc|iPhoneSimulator.ActiveCfg = Ad-Hoc|iPhoneSimulator
		{ED47A247-E392-4F60-976D-0E60CFF63BF5}.Ad-Hoc|iPhoneSimulator.Build.0 = Ad-Hoc|iPhoneSimulator
		{ED47A247-E392-4F60-976D-0E60CFF63BF5}.Ad-Hoc|x64.ActiveCfg = Ad-Hoc|iPhone
		{ED47A247-E392-4F60-976D-0E60CFF63BF5}.Ad-Hoc|x86.ActiveCfg = Ad-Hoc|iPhone
		{ED47A247-E392-4F60-976D-0E60CFF63BF5}.AppStore|Any CPU.ActiveCfg = AppStore|iPhone
		{ED47A247-E392-4F60-976D-0E60CFF63BF5}.AppStore|ARM.ActiveCfg = AppStore|iPhone
		{ED47A247-E392-4F60-976D-0E60CFF63BF5}.AppStore|iPhone.ActiveCfg = AppStore|iPhone
		{ED47A247-E392-4F60-976D-0E60CFF63BF5}.AppStore|iPhone.Build.0 = AppStore|iPhone
		{ED47A247-E392-4F60-976D-0E60CFF63BF5}.AppStore|iPhoneSimulator.ActiveCfg = AppStore|iPhoneSimulator
		{ED47A247-E392-4F60-976D-0E60CFF63BF5}.AppStore|iPhoneSimulator.Build.0 = AppStore|iPhoneSimulator
		{ED47A247-E392-4F60-976D-0E60CFF63BF5}.AppStore|x64.ActiveCfg = AppStore|iPhone
		{ED47A247-E392-4F60-976D-0E60CFF63BF5}.AppStore|x86.ActiveCfg = AppStore|iPhone
		{ED47A247-E392-4F60-976D-0E60CFF63BF5}.Debug|Any CPU.ActiveCfg = Debug|iPhone
		{ED47A247-E392-4F60-976D-0E60CFF63BF5}.Debug|ARM.ActiveCfg = Debug|iPhone
		{ED47A247-E392-4F60-976D-0E60CFF63BF5}.Debug|iPhone.ActiveCfg = Debug|iPhone
		{ED47A247-E392-4F60-976D-0E60CFF63BF5}.Debug|iPhone.Build.0 = Debug|iPhone
		{ED47A247-E392-4F60-976D-0E60CFF63BF5}.Debug|iPhoneSimulator.ActiveCfg = Debug|iPhoneSimulator
		{ED47A247-E392-4F60-976D-0E60CFF63BF5}.Debug|iPhoneSimulator.Build.0 = Debug|iPhoneSimulator
		{ED47A247-E392-4F60-976D-0E60CFF63BF5}.Debug|x64.ActiveCfg = Debug|iPhone
		{ED47A247-E392-4F60-976D-0E60CFF63BF5}.Debug|x86.ActiveCfg = Debug|iPhone
		{ED47A247-E392-4F60-976D-0E60CFF63BF5}.Release|Any CPU.ActiveCfg = Release|iPhone
		{ED47A247-E392-4F60-976D-0E60CFF63BF5}.Release|ARM.ActiveCfg = Release|iPhone
		{ED47A247-E392-4F60-976D-0E60CFF63BF5}.Release|iPhone.ActiveCfg = Release|iPhone
		{ED47A247-E392-4F60-976D-0E60CFF63BF5}.Release|iPhone.Build.0 = Release|iPhone
		{ED47A247-E392-4F60-976D-0E60CFF63BF5}.Release|iPhoneSimulator.ActiveCfg = Release|iPhoneSimulator
		{ED47A247-E392-4F60-976D-0E60CFF63BF5}.Release|iPhoneSimulator.Build.0 = Release|iPhoneSimulator
		{ED47A247-E392-4F60-976D-0E60CFF63BF5}.Release|x64.ActiveCfg = Release|iPhone
		{ED47A247-E392-4F60-976D-0E60CFF63BF5}.Release|x86.ActiveCfg = Release|iPhone
		{0DE317E0-6B0F-4291-ABCF-ECBB116C808B}.Ad-Hoc|Any CPU.ActiveCfg = Release|x86
		{0DE317E0-6B0F-4291-ABCF-ECBB116C808B}.Ad-Hoc|Any CPU.Build.0 = Release|x86
		{0DE317E0-6B0F-4291-ABCF-ECBB116C808B}.Ad-Hoc|Any CPU.Deploy.0 = Release|x86
		{0DE317E0-6B0F-4291-ABCF-ECBB116C808B}.Ad-Hoc|ARM.ActiveCfg = Release|ARM
		{0DE317E0-6B0F-4291-ABCF-ECBB116C808B}.Ad-Hoc|ARM.Build.0 = Release|ARM
		{0DE317E0-6B0F-4291-ABCF-ECBB116C808B}.Ad-Hoc|ARM.Deploy.0 = Release|ARM
		{0DE317E0-6B0F-4291-ABCF-ECBB116C808B}.Ad-Hoc|iPhone.ActiveCfg = Release|x86
		{0DE317E0-6B0F-4291-ABCF-ECBB116C808B}.Ad-Hoc|iPhone.Build.0 = Release|x86
		{0DE317E0-6B0F-4291-ABCF-ECBB116C808B}.Ad-Hoc|iPhone.Deploy.0 = Release|x86
		{0DE317E0-6B0F-4291-ABCF-ECBB116C808B}.Ad-Hoc|iPhoneSimulator.ActiveCfg = Release|x86
		{0DE317E0-6B0F-4291-ABCF-ECBB116C808B}.Ad-Hoc|iPhoneSimulator.Build.0 = Release|x86
		{0DE317E0-6B0F-4291-ABCF-ECBB116C808B}.Ad-Hoc|iPhoneSimulator.Deploy.0 = Release|x86
		{0DE317E0-6B0F-4291-ABCF-ECBB116C808B}.Ad-Hoc|x64.ActiveCfg = Release|x64
		{0DE317E0-6B0F-4291-ABCF-ECBB116C808B}.Ad-Hoc|x64.Build.0 = Release|x64
		{0DE317E0-6B0F-4291-ABCF-ECBB116C808B}.Ad-Hoc|x64.Deploy.0 = Release|x64
		{0DE317E0-6B0F-4291-ABCF-ECBB116C808B}.Ad-Hoc|x86.ActiveCfg = Release|x86
		{0DE317E0-6B0F-4291-ABCF-ECBB116C808B}.Ad-Hoc|x86.Build.0 = Release|x86
		{0DE317E0-6B0F-4291-ABCF-ECBB116C808B}.Ad-Hoc|x86.Deploy.0 = Release|x86
		{0DE317E0-6B0F-4291-ABCF-ECBB116C808B}.AppStore|Any CPU.ActiveCfg = Release|x86
		{0DE317E0-6B0F-4291-ABCF-ECBB116C808B}.AppStore|Any CPU.Build.0 = Release|x86
		{0DE317E0-6B0F-4291-ABCF-ECBB116C808B}.AppStore|Any CPU.Deploy.0 = Release|x86
		{0DE317E0-6B0F-4291-ABCF-ECBB116C808B}.AppStore|ARM.ActiveCfg = Release|ARM
		{0DE317E0-6B0F-4291-ABCF-ECBB116C808B}.AppStore|ARM.Build.0 = Release|ARM
		{0DE317E0-6B0F-4291-ABCF-ECBB116C808B}.AppStore|ARM.Deploy.0 = Release|ARM
		{0DE317E0-6B0F-4291-ABCF-ECBB116C808B}.AppStore|iPhone.ActiveCfg = Release|x86
		{0DE317E0-6B0F-4291-ABCF-ECBB116C808B}.AppStore|iPhone.Build.0 = Release|x86
		{0DE317E0-6B0F-4291-ABCF-ECBB116C808B}.AppStore|iPhone.Deploy.0 = Release|x86
		{0DE317E0-6B0F-4291-ABCF-ECBB116C808B}.AppStore|iPhoneSimulator.ActiveCfg = Release|x86
		{0DE317E0-6B0F-4291-ABCF-ECBB116C808B}.AppStore|iPhoneSimulator.Build.0 = Release|x86
		{0DE317E0-6B0F-4291-ABCF-ECBB116C808B}.AppStore|iPhoneSimulator.Deploy.0 = Release|x86
		{0DE317E0-6B0F-4291-ABCF-ECBB116C808B}.AppStore|x64.ActiveCfg = Release|x64
		{0DE317E0-6B0F-4291-ABCF-ECBB116C808B}.AppStore|x64.Build.0 = Release|x64
		{0DE317E0-6B0F-4291-ABCF-ECBB116C808B}.AppStore|x64.Deploy.0 = Release|x64
		{0DE317E0-6B0F-4291-ABCF-ECBB116C808B}.AppStore|x86.ActiveCfg = Release|x86
		{0DE317E0-6B0F-4291-ABCF-ECBB116C808B}.AppStore|x86.Build.0 = Release|x86
		{0DE317E0-6B0F-4291-ABCF-ECBB116C808B}.AppStore|x86.Deploy.0 = Release|x86
		{0DE317E0-6B0F-4291-ABCF-ECBB116C808B}.Debug|Any CPU.ActiveCfg = Debug|x86
		{0DE317E0-6B0F-4291-ABCF-ECBB116C808B}.Debug|ARM.ActiveCfg = Debug|ARM
		{0DE317E0-6B0F-4291-ABCF-ECBB116C808B}.Debug|ARM.Build.0 = Debug|ARM
		{0DE317E0-6B0F-4291-ABCF-ECBB116C808B}.Debug|ARM.Deploy.0 = Debug|ARM
		{0DE317E0-6B0F-4291-ABCF-ECBB116C808B}.Debug|iPhone.ActiveCfg = Debug|x86
		{0DE317E0-6B0F-4291-ABCF-ECBB116C808B}.Debug|iPhoneSimulator.ActiveCfg = Debug|x86
		{0DE317E0-6B0F-4291-ABCF-ECBB116C808B}.Debug|x64.ActiveCfg = Debug|x64
		{0DE317E0-6B0F-4291-ABCF-ECBB116C808B}.Debug|x64.Build.0 = Debug|x64
		{0DE317E0-6B0F-4291-ABCF-ECBB116C808B}.Debug|x64.Deploy.0 = Debug|x64
		{0DE317E0-6B0F-4291-ABCF-ECBB116C808B}.Debug|x86.ActiveCfg = Debug|x86
		{0DE317E0-6B0F-4291-ABCF-ECBB116C808B}.Debug|x86.Build.0 = Debug|x86
		{0DE317E0-6B0F-4291-ABCF-ECBB116C808B}.Debug|x86.Deploy.0 = Debug|x86
		{0DE317E0-6B0F-4291-ABCF-ECBB116C808B}.Release|Any CPU.ActiveCfg = Release|x86
		{0DE317E0-6B0F-4291-ABCF-ECBB116C808B}.Release|ARM.ActiveCfg = Release|ARM
		{0DE317E0-6B0F-4291-ABCF-ECBB116C808B}.Release|ARM.Build.0 = Release|ARM
		{0DE317E0-6B0F-4291-ABCF-ECBB116C808B}.Release|ARM.Deploy.0 = Release|ARM
		{0DE317E0-6B0F-4291-ABCF-ECBB116C808B}.Release|iPhone.ActiveCfg = Release|x86
		{0DE317E0-6B0F-4291-ABCF-ECBB116C808B}.Release|iPhoneSimulator.ActiveCfg = Release|x86
		{0DE317E0-6B0F-4291-ABCF-ECBB116C808B}.Release|x64.ActiveCfg = Release|x64
		{0DE317E0-6B0F-4291-ABCF-ECBB116C808B}.Release|x64.Build.0 = Release|x64
		{0DE317E0-6B0F-4291-ABCF-ECBB116C808B}.Release|x64.Deploy.0 = Release|x64
		{0DE317E0-6B0F-4291-ABCF-ECBB116C808B}.Release|x86.ActiveCfg = Release|x86
		{0DE317E0-6B0F-4291-ABCF-ECBB116C808B}.Release|x86.Build.0 = Release|x86
		{0DE317E0-6B0F-4291-ABCF-ECBB116C808B}.Release|x86.Deploy.0 = Release|x86
		{3EB23620-B2CE-404F-B2EF-55E5589392F7}.Ad-Hoc|Any CPU.ActiveCfg = Debug|Any CPU
		{3EB23620-B2CE-404F-B2EF-55E5589392F7}.Ad-Hoc|Any CPU.Build.0 = Debug|Any CPU
		{3EB23620-B2CE-404F-B2EF-55E5589392F7}.Ad-Hoc|ARM.ActiveCfg = Debug|Any CPU
		{3EB23620-B2CE-404F-B2EF-55E5589392F7}.Ad-Hoc|ARM.Build.0 = Debug|Any CPU
		{3EB23620-B2CE-404F-B2EF-55E5589392F7}.Ad-Hoc|iPhone.ActiveCfg = Debug|Any CPU
		{3EB23620-B2CE-404F-B2EF-55E5589392F7}.Ad-Hoc|iPhone.Build.0 = Debug|Any CPU
		{3EB23620-B2CE-404F-B2EF-55E5589392F7}.Ad-Hoc|iPhoneSimulator.ActiveCfg = Debug|Any CPU
		{3EB23620-B2CE-404F-B2EF-55E5589392F7}.Ad-Hoc|iPhoneSimulator.Build.0 = Debug|Any CPU
		{3EB23620-B2CE-404F-B2EF-55E5589392F7}.Ad-Hoc|x64.ActiveCfg = Debug|Any CPU
		{3EB23620-B2CE-404F-B2EF-55E5589392F7}.Ad-Hoc|x64.Build.0 = Debug|Any CPU
		{3EB23620-B2CE-404F-B2EF-55E5589392F7}.Ad-Hoc|x86.ActiveCfg = Debug|Any CPU
		{3EB23620-B2CE-404F-B2EF-55E5589392F7}.Ad-Hoc|x86.Build.0 = Debug|Any CPU
		{3EB23620-B2CE-404F-B2EF-55E5589392F7}.AppStore|Any CPU.ActiveCfg = Debug|Any CPU
		{3EB23620-B2CE-404F-B2EF-55E5589392F7}.AppStore|Any CPU.Build.0 = Debug|Any CPU
		{3EB23620-B2CE-404F-B2EF-55E5589392F7}.AppStore|ARM.ActiveCfg = Debug|Any CPU
		{3EB23620-B2CE-404F-B2EF-55E5589392F7}.AppStore|ARM.Build.0 = Debug|Any CPU
		{3EB23620-B2CE-404F-B2EF-55E5589392F7}.AppStore|iPhone.ActiveCfg = Debug|Any CPU
		{3EB23620-B2CE-404F-B2EF-55E5589392F7}.AppStore|iPhone.Build.0 = Debug|Any CPU
		{3EB23620-B2CE-404F-B2EF-55E5589392F7}.AppStore|iPhoneSimulator.ActiveCfg = Debug|Any CPU
		{3EB23620-B2CE-404F-B2EF-55E5589392F7}.AppStore|iPhoneSimulator.Build.0 = Debug|Any CPU
		{3EB23620-B2CE-404F-B2EF-55E5589392F7}.AppStore|x64.ActiveCfg = Debug|Any CPU
		{3EB23620-B2CE-404F-B2EF-55E5589392F7}.AppStore|x64.Build.0 = Debug|Any CPU
		{3EB23620-B2CE-404F-B2EF-55E5589392F7}.AppStore|x86.ActiveCfg = Debug|Any CPU
		{3EB23620-B2CE-404F-B2EF-55E5589392F7}.AppStore|x86.Build.0 = Debug|Any CPU
		{3EB23620-B2CE-404F-B2EF-55E5589392F7}.Debug|Any CPU.ActiveCfg = Debug|Any CPU
		{3EB23620-B2CE-404F-B2EF-55E5589392F7}.Debug|Any CPU.Build.0 = Debug|Any CPU
		{3EB23620-B2CE-404F-B2EF-55E5589392F7}.Debug|ARM.ActiveCfg = Debug|Any CPU
		{3EB23620-B2CE-404F-B2EF-55E5589392F7}.Debug|ARM.Build.0 = Debug|Any CPU
		{3EB23620-B2CE-404F-B2EF-55E5589392F7}.Debug|iPhone.ActiveCfg = Debug|Any CPU
		{3EB23620-B2CE-404F-B2EF-55E5589392F7}.Debug|iPhone.Build.0 = Debug|Any CPU
		{3EB23620-B2CE-404F-B2EF-55E5589392F7}.Debug|iPhoneSimulator.ActiveCfg = Debug|Any CPU
		{3EB23620-B2CE-404F-B2EF-55E5589392F7}.Debug|iPhoneSimulator.Build.0 = Debug|Any CPU
		{3EB23620-B2CE-404F-B2EF-55E5589392F7}.Debug|x64.ActiveCfg = Debug|Any CPU
		{3EB23620-B2CE-404F-B2EF-55E5589392F7}.Debug|x64.Build.0 = Debug|Any CPU
		{3EB23620-B2CE-404F-B2EF-55E5589392F7}.Debug|x86.ActiveCfg = Debug|Any CPU
		{3EB23620-B2CE-404F-B2EF-55E5589392F7}.Debug|x86.Build.0 = Debug|Any CPU
		{3EB23620-B2CE-404F-B2EF-55E5589392F7}.Release|Any CPU.ActiveCfg = Release|Any CPU
		{3EB23620-B2CE-404F-B2EF-55E5589392F7}.Release|Any CPU.Build.0 = Release|Any CPU
		{3EB23620-B2CE-404F-B2EF-55E5589392F7}.Release|ARM.ActiveCfg = Release|Any CPU
		{3EB23620-B2CE-404F-B2EF-55E5589392F7}.Release|ARM.Build.0 = Release|Any CPU
		{3EB23620-B2CE-404F-B2EF-55E5589392F7}.Release|iPhone.ActiveCfg = Release|Any CPU
		{3EB23620-B2CE-404F-B2EF-55E5589392F7}.Release|iPhone.Build.0 = Release|Any CPU
		{3EB23620-B2CE-404F-B2EF-55E5589392F7}.Release|iPhoneSimulator.ActiveCfg = Release|Any CPU
		{3EB23620-B2CE-404F-B2EF-55E5589392F7}.Release|iPhoneSimulator.Build.0 = Release|Any CPU
		{3EB23620-B2CE-404F-B2EF-55E5589392F7}.Release|x64.ActiveCfg = Release|Any CPU
		{3EB23620-B2CE-404F-B2EF-55E5589392F7}.Release|x64.Build.0 = Release|Any CPU
		{3EB23620-B2CE-404F-B2EF-55E5589392F7}.Release|x86.ActiveCfg = Release|Any CPU
		{3EB23620-B2CE-404F-B2EF-55E5589392F7}.Release|x86.Build.0 = Release|Any CPU
	EndGlobalSection
	GlobalSection(SolutionProperties) = preSolution
		HideSolutionNode = FALSE
	EndGlobalSection
	GlobalSection(ExtensibilityGlobals) = postSolution
		SolutionGuid = {386AD684-97A3-4D03-BCBF-724EF194CD15}
	EndGlobalSection
EndGlobal
